// !$*UTF8*$!
{
	archiveVersion = 1;
	classes = {
	};
	objectVersion = 56;
	objects = {

/* Begin PBXBuildFile section */
		4CDCFF622A55283D00A8EC75 /* pokedex_iosApp.swift in Sources */ = {isa = PBXBuildFile; fileRef = 4CDCFF612A55283D00A8EC75 /* pokedex_iosApp.swift */; };
		4CDCFF642A55283D00A8EC75 /* ContentView.swift in Sources */ = {isa = PBXBuildFile; fileRef = 4CDCFF632A55283D00A8EC75 /* ContentView.swift */; };
		4CDCFF662A55283E00A8EC75 /* Assets.xcassets in Resources */ = {isa = PBXBuildFile; fileRef = 4CDCFF652A55283E00A8EC75 /* Assets.xcassets */; };
		4CDCFF6A2A55283E00A8EC75 /* Preview Assets.xcassets in Resources */ = {isa = PBXBuildFile; fileRef = 4CDCFF692A55283E00A8EC75 /* Preview Assets.xcassets */; };
		4CDCFF742A55283E00A8EC75 /* pokedex_iosTests.swift in Sources */ = {isa = PBXBuildFile; fileRef = 4CDCFF732A55283E00A8EC75 /* pokedex_iosTests.swift */; };
		4CDCFF7E2A55283E00A8EC75 /* pokedex_iosUITests.swift in Sources */ = {isa = PBXBuildFile; fileRef = 4CDCFF7D2A55283E00A8EC75 /* pokedex_iosUITests.swift */; };
		4CDCFF802A55283E00A8EC75 /* pokedex_iosUITestsLaunchTests.swift in Sources */ = {isa = PBXBuildFile; fileRef = 4CDCFF7F2A55283E00A8EC75 /* pokedex_iosUITestsLaunchTests.swift */; };
/* End PBXBuildFile section */

/* Begin PBXContainerItemProxy section */
		4CDCFF702A55283E00A8EC75 /* PBXContainerItemProxy */ = {
			isa = PBXContainerItemProxy;
			containerPortal = 4CDCFF562A55283D00A8EC75 /* Project object */;
			proxyType = 1;
			remoteGlobalIDString = 4CDCFF5D2A55283D00A8EC75;
			remoteInfo = pokedex_ios;
		};
		4CDCFF7A2A55283E00A8EC75 /* PBXContainerItemProxy */ = {
			isa = PBXContainerItemProxy;
			containerPortal = 4CDCFF562A55283D00A8EC75 /* Project object */;
			proxyType = 1;
			remoteGlobalIDString = 4CDCFF5D2A55283D00A8EC75;
			remoteInfo = pokedex_ios;
		};
/* End PBXContainerItemProxy section */

/* Begin PBXFileReference section */
		4CDCFF5E2A55283D00A8EC75 /* pokedex_ios.app */ = {isa = PBXFileReference; explicitFileType = wrapper.application; includeInIndex = 0; path = pokedex_ios.app; sourceTree = BUILT_PRODUCTS_DIR; };
		4CDCFF612A55283D00A8EC75 /* pokedex_iosApp.swift */ = {isa = PBXFileReference; lastKnownFileType = sourcecode.swift; path = pokedex_iosApp.swift; sourceTree = "<group>"; };
		4CDCFF632A55283D00A8EC75 /* ContentView.swift */ = {isa = PBXFileReference; lastKnownFileType = sourcecode.swift; path = ContentView.swift; sourceTree = "<group>"; };
		4CDCFF652A55283E00A8EC75 /* Assets.xcassets */ = {isa = PBXFileReference; lastKnownFileType = folder.assetcatalog; path = Assets.xcassets; sourceTree = "<group>"; };
		4CDCFF672A55283E00A8EC75 /* pokedex_ios.entitlements */ = {isa = PBXFileReference; lastKnownFileType = text.plist.entitlements; path = pokedex_ios.entitlements; sourceTree = "<group>"; };
		4CDCFF692A55283E00A8EC75 /* Preview Assets.xcassets */ = {isa = PBXFileReference; lastKnownFileType = folder.assetcatalog; path = "Preview Assets.xcassets"; sourceTree = "<group>"; };
		4CDCFF6F2A55283E00A8EC75 /* pokedex_iosTests.xctest */ = {isa = PBXFileReference; explicitFileType = wrapper.cfbundle; includeInIndex = 0; path = pokedex_iosTests.xctest; sourceTree = BUILT_PRODUCTS_DIR; };
		4CDCFF732A55283E00A8EC75 /* pokedex_iosTests.swift */ = {isa = PBXFileReference; lastKnownFileType = sourcecode.swift; path = pokedex_iosTests.swift; sourceTree = "<group>"; };
		4CDCFF792A55283E00A8EC75 /* pokedex_iosUITests.xctest */ = {isa = PBXFileReference; explicitFileType = wrapper.cfbundle; includeInIndex = 0; path = pokedex_iosUITests.xctest; sourceTree = BUILT_PRODUCTS_DIR; };
		4CDCFF7D2A55283E00A8EC75 /* pokedex_iosUITests.swift */ = {isa = PBXFileReference; lastKnownFileType = sourcecode.swift; path = pokedex_iosUITests.swift; sourceTree = "<group>"; };
		4CDCFF7F2A55283E00A8EC75 /* pokedex_iosUITestsLaunchTests.swift */ = {isa = PBXFileReference; lastKnownFileType = sourcecode.swift; path = pokedex_iosUITestsLaunchTests.swift; sourceTree = "<group>"; };
/* End PBXFileReference section */

/* Begin PBXFrameworksBuildPhase section */
		4CDCFF5B2A55283D00A8EC75 /* Frameworks */ = {
			isa = PBXFrameworksBuildPhase;
			buildActionMask = 2147483647;
			files = (
			);
			runOnlyForDeploymentPostprocessing = 0;
		};
		4CDCFF6C2A55283E00A8EC75 /* Frameworks */ = {
			isa = PBXFrameworksBuildPhase;
			buildActionMask = 2147483647;
			files = (
			);
			runOnlyForDeploymentPostprocessing = 0;
		};
		4CDCFF762A55283E00A8EC75 /* Frameworks */ = {
			isa = PBXFrameworksBuildPhase;
			buildActionMask = 2147483647;
			files = (
			);
			runOnlyForDeploymentPostprocessing = 0;
		};
/* End PBXFrameworksBuildPhase section */

/* Begin PBXGroup section */
		4CDCFF552A55283D00A8EC75 = {
			isa = PBXGroup;
			children = (
				4CDCFF602A55283D00A8EC75 /* pokedex_ios */,
				4CDCFF722A55283E00A8EC75 /* pokedex_iosTests */,
				4CDCFF7C2A55283E00A8EC75 /* pokedex_iosUITests */,
				4CDCFF5F2A55283D00A8EC75 /* Products */,
			);
			sourceTree = "<group>";
		};
		4CDCFF5F2A55283D00A8EC75 /* Products */ = {
			isa = PBXGroup;
			children = (
				4CDCFF5E2A55283D00A8EC75 /* pokedex_ios.app */,
				4CDCFF6F2A55283E00A8EC75 /* pokedex_iosTests.xctest */,
				4CDCFF792A55283E00A8EC75 /* pokedex_iosUITests.xctest */,
			);
			name = Products;
			sourceTree = "<group>";
		};
		4CDCFF602A55283D00A8EC75 /* pokedex_ios */ = {
			isa = PBXGroup;
			children = (
				4CDCFF612A55283D00A8EC75 /* pokedex_iosApp.swift */,
				4CDCFF632A55283D00A8EC75 /* ContentView.swift */,
				4CDCFF652A55283E00A8EC75 /* Assets.xcassets */,
				4CDCFF672A55283E00A8EC75 /* pokedex_ios.entitlements */,
				4CDCFF682A55283E00A8EC75 /* Preview Content */,
			);
			path = pokedex_ios;
			sourceTree = "<group>";
		};
		4CDCFF682A55283E00A8EC75 /* Preview Content */ = {
			isa = PBXGroup;
			children = (
				4CDCFF692A55283E00A8EC75 /* Preview Assets.xcassets */,
			);
			path = "Preview Content";
			sourceTree = "<group>";
		};
		4CDCFF722A55283E00A8EC75 /* pokedex_iosTests */ = {
			isa = PBXGroup;
			children = (
				4CDCFF732A55283E00A8EC75 /* pokedex_iosTests.swift */,
			);
			path = pokedex_iosTests;
			sourceTree = "<group>";
		};
		4CDCFF7C2A55283E00A8EC75 /* pokedex_iosUITests */ = {
			isa = PBXGroup;
			children = (
				4CDCFF7D2A55283E00A8EC75 /* pokedex_iosUITests.swift */,
				4CDCFF7F2A55283E00A8EC75 /* pokedex_iosUITestsLaunchTests.swift */,
			);
			path = pokedex_iosUITests;
			sourceTree = "<group>";
		};
/* End PBXGroup section */

/* Begin PBXNativeTarget section */
		4CDCFF5D2A55283D00A8EC75 /* pokedex_ios */ = {
			isa = PBXNativeTarget;
			buildConfigurationList = 4CDCFF832A55283E00A8EC75 /* Build configuration list for PBXNativeTarget "pokedex_ios" */;
			buildPhases = (
				4CDCFF5A2A55283D00A8EC75 /* Sources */,
				4CDCFF5B2A55283D00A8EC75 /* Frameworks */,
				4CDCFF5C2A55283D00A8EC75 /* Resources */,
			);
			buildRules = (
			);
			dependencies = (
			);
			name = pokedex_ios;
			productName = pokedex_ios;
			productReference = 4CDCFF5E2A55283D00A8EC75 /* pokedex_ios.app */;
			productType = "com.apple.product-type.application";
		};
		4CDCFF6E2A55283E00A8EC75 /* pokedex_iosTests */ = {
			isa = PBXNativeTarget;
			buildConfigurationList = 4CDCFF862A55283E00A8EC75 /* Build configuration list for PBXNativeTarget "pokedex_iosTests" */;
			buildPhases = (
				4CDCFF6B2A55283E00A8EC75 /* Sources */,
				4CDCFF6C2A55283E00A8EC75 /* Frameworks */,
				4CDCFF6D2A55283E00A8EC75 /* Resources */,
			);
			buildRules = (
			);
			dependencies = (
				4CDCFF712A55283E00A8EC75 /* PBXTargetDependency */,
			);
			name = pokedex_iosTests;
			productName = pokedex_iosTests;
			productReference = 4CDCFF6F2A55283E00A8EC75 /* pokedex_iosTests.xctest */;
			productType = "com.apple.product-type.bundle.unit-test";
		};
		4CDCFF782A55283E00A8EC75 /* pokedex_iosUITests */ = {
			isa = PBXNativeTarget;
			buildConfigurationList = 4CDCFF892A55283E00A8EC75 /* Build configuration list for PBXNativeTarget "pokedex_iosUITests" */;
			buildPhases = (
				4CDCFF752A55283E00A8EC75 /* Sources */,
				4CDCFF762A55283E00A8EC75 /* Frameworks */,
				4CDCFF772A55283E00A8EC75 /* Resources */,
			);
			buildRules = (
			);
			dependencies = (
				4CDCFF7B2A55283E00A8EC75 /* PBXTargetDependency */,
			);
			name = pokedex_iosUITests;
			productName = pokedex_iosUITests;
			productReference = 4CDCFF792A55283E00A8EC75 /* pokedex_iosUITests.xctest */;
			productType = "com.apple.product-type.bundle.ui-testing";
		};
/* End PBXNativeTarget section */

/* Begin PBXProject section */
		4CDCFF562A55283D00A8EC75 /* Project object */ = {
			isa = PBXProject;
			attributes = {
				BuildIndependentTargetsInParallel = 1;
				LastSwiftUpdateCheck = 1430;
				LastUpgradeCheck = 1430;
				TargetAttributes = {
					4CDCFF5D2A55283D00A8EC75 = {
						CreatedOnToolsVersion = 14.3;
					};
					4CDCFF6E2A55283E00A8EC75 = {
						CreatedOnToolsVersion = 14.3;
						TestTargetID = 4CDCFF5D2A55283D00A8EC75;
					};
					4CDCFF782A55283E00A8EC75 = {
						CreatedOnToolsVersion = 14.3;
						TestTargetID = 4CDCFF5D2A55283D00A8EC75;
					};
				};
			};
			buildConfigurationList = 4CDCFF592A55283D00A8EC75 /* Build configuration list for PBXProject "pokedex_ios" */;
			compatibilityVersion = "Xcode 14.0";
			developmentRegion = en;
			hasScannedForEncodings = 0;
			knownRegions = (
				en,
				Base,
			);
			mainGroup = 4CDCFF552A55283D00A8EC75;
			productRefGroup = 4CDCFF5F2A55283D00A8EC75 /* Products */;
			projectDirPath = "";
			projectRoot = "";
			targets = (
				4CDCFF5D2A55283D00A8EC75 /* pokedex_ios */,
				4CDCFF6E2A55283E00A8EC75 /* pokedex_iosTests */,
				4CDCFF782A55283E00A8EC75 /* pokedex_iosUITests */,
			);
		};
/* End PBXProject section */

/* Begin PBXResourcesBuildPhase section */
		4CDCFF5C2A55283D00A8EC75 /* Resources */ = {
			isa = PBXResourcesBuildPhase;
			buildActionMask = 2147483647;
			files = (
				4CDCFF6A2A55283E00A8EC75 /* Preview Assets.xcassets in Resources */,
				4CDCFF662A55283E00A8EC75 /* Assets.xcassets in Resources */,
			);
			runOnlyForDeploymentPostprocessing = 0;
		};
		4CDCFF6D2A55283E00A8EC75 /* Resources */ = {
			isa = PBXResourcesBuildPhase;
			buildActionMask = 2147483647;
			files = (
			);
			runOnlyForDeploymentPostprocessing = 0;
		};
		4CDCFF772A55283E00A8EC75 /* Resources */ = {
			isa = PBXResourcesBuildPhase;
			buildActionMask = 2147483647;
			files = (
			);
			runOnlyForDeploymentPostprocessing = 0;
		};
/* End PBXResourcesBuildPhase section */

/* Begin PBXSourcesBuildPhase section */
		4CDCFF5A2A55283D00A8EC75 /* Sources */ = {
			isa = PBXSourcesBuildPhase;
			buildActionMask = 2147483647;
			files = (
				4CDCFF642A55283D00A8EC75 /* ContentView.swift in Sources */,
				4CDCFF622A55283D00A8EC75 /* pokedex_iosApp.swift in Sources */,
			);
			runOnlyForDeploymentPostprocessing = 0;
		};
		4CDCFF6B2A55283E00A8EC75 /* Sources */ = {
			isa = PBXSourcesBuildPhase;
			buildActionMask = 2147483647;
			files = (
				4CDCFF742A55283E00A8EC75 /* pokedex_iosTests.swift in Sources */,
			);
			runOnlyForDeploymentPostprocessing = 0;
		};
		4CDCFF752A55283E00A8EC75 /* Sources */ = {
			isa = PBXSourcesBuildPhase;
			buildActionMask = 2147483647;
			files = (
				4CDCFF7E2A55283E00A8EC75 /* pokedex_iosUITests.swift in Sources */,
				4CDCFF802A55283E00A8EC75 /* pokedex_iosUITestsLaunchTests.swift in Sources */,
			);
			runOnlyForDeploymentPostprocessing = 0;
		};
/* End PBXSourcesBuildPhase section */

/* Begin PBXTargetDependency section */
		4CDCFF712A55283E00A8EC75 /* PBXTargetDependency */ = {
			isa = PBXTargetDependency;
			target = 4CDCFF5D2A55283D00A8EC75 /* pokedex_ios */;
			targetProxy = 4CDCFF702A55283E00A8EC75 /* PBXContainerItemProxy */;
		};
		4CDCFF7B2A55283E00A8EC75 /* PBXTargetDependency */ = {
			isa = PBXTargetDependency;
			target = 4CDCFF5D2A55283D00A8EC75 /* pokedex_ios */;
			targetProxy = 4CDCFF7A2A55283E00A8EC75 /* PBXContainerItemProxy */;
		};
/* End PBXTargetDependency section */

/* Begin XCBuildConfiguration section */
		4CDCFF812A55283E00A8EC75 /* Debug */ = {
			isa = XCBuildConfiguration;
			buildSettings = {
				ALWAYS_SEARCH_USER_PATHS = NO;
				CLANG_ANALYZER_NONNULL = YES;
				CLANG_ANALYZER_NUMBER_OBJECT_CONVERSION = YES_AGGRESSIVE;
				CLANG_CXX_LANGUAGE_STANDARD = "gnu++20";
				CLANG_ENABLE_MODULES = YES;
				CLANG_ENABLE_OBJC_ARC = YES;
				CLANG_ENABLE_OBJC_WEAK = YES;
				CLANG_WARN_BLOCK_CAPTURE_AUTORELEASING = YES;
				CLANG_WARN_BOOL_CONVERSION = YES;
				CLANG_WARN_COMMA = YES;
				CLANG_WARN_CONSTANT_CONVERSION = YES;
				CLANG_WARN_DEPRECATED_OBJC_IMPLEMENTATIONS = YES;
				CLANG_WARN_DIRECT_OBJC_ISA_USAGE = YES_ERROR;
				CLANG_WARN_DOCUMENTATION_COMMENTS = YES;
				CLANG_WARN_EMPTY_BODY = YES;
				CLANG_WARN_ENUM_CONVERSION = YES;
				CLANG_WARN_INFINITE_RECURSION = YES;
				CLANG_WARN_INT_CONVERSION = YES;
				CLANG_WARN_NON_LITERAL_NULL_CONVERSION = YES;
				CLANG_WARN_OBJC_IMPLICIT_RETAIN_SELF = YES;
				CLANG_WARN_OBJC_LITERAL_CONVERSION = YES;
				CLANG_WARN_OBJC_ROOT_CLASS = YES_ERROR;
				CLANG_WARN_QUOTED_INCLUDE_IN_FRAMEWORK_HEADER = YES;
				CLANG_WARN_RANGE_LOOP_ANALYSIS = YES;
				CLANG_WARN_STRICT_PROTOTYPES = YES;
				CLANG_WARN_SUSPICIOUS_MOVE = YES;
				CLANG_WARN_UNGUARDED_AVAILABILITY = YES_AGGRESSIVE;
				CLANG_WARN_UNREACHABLE_CODE = YES;
				CLANG_WARN__DUPLICATE_METHOD_MATCH = YES;
				COPY_PHASE_STRIP = NO;
				DEBUG_INFORMATION_FORMAT = dwarf;
				ENABLE_STRICT_OBJC_MSGSEND = YES;
				ENABLE_TESTABILITY = YES;
				GCC_C_LANGUAGE_STANDARD = gnu11;
				GCC_DYNAMIC_NO_PIC = NO;
				GCC_NO_COMMON_BLOCKS = YES;
				GCC_OPTIMIZATION_LEVEL = 0;
				GCC_PREPROCESSOR_DEFINITIONS = (
					"DEBUG=1",
					"$(inherited)",
				);
				GCC_WARN_64_TO_32_BIT_CONVERSION = YES;
				GCC_WARN_ABOUT_RETURN_TYPE = YES_ERROR;
				GCC_WARN_UNDECLARED_SELECTOR = YES;
				GCC_WARN_UNINITIALIZED_AUTOS = YES_AGGRESSIVE;
				GCC_WARN_UNUSED_FUNCTION = YES;
				GCC_WARN_UNUSED_VARIABLE = YES;
				MTL_ENABLE_DEBUG_INFO = INCLUDE_SOURCE;
				MTL_FAST_MATH = YES;
				ONLY_ACTIVE_ARCH = YES;
				SWIFT_ACTIVE_COMPILATION_CONDITIONS = DEBUG;
				SWIFT_OPTIMIZATION_LEVEL = "-Onone";
			};
			name = Debug;
		};
		4CDCFF822A55283E00A8EC75 /* Release */ = {
			isa = XCBuildConfiguration;
			buildSettings = {
				ALWAYS_SEARCH_USER_PATHS = NO;
				CLANG_ANALYZER_NONNULL = YES;
				CLANG_ANALYZER_NUMBER_OBJECT_CONVERSION = YES_AGGRESSIVE;
				CLANG_CXX_LANGUAGE_STANDARD = "gnu++20";
				CLANG_ENABLE_MODULES = YES;
				CLANG_ENABLE_OBJC_ARC = YES;
				CLANG_ENABLE_OBJC_WEAK = YES;
				CLANG_WARN_BLOCK_CAPTURE_AUTORELEASING = YES;
				CLANG_WARN_BOOL_CONVERSION = YES;
				CLANG_WARN_COMMA = YES;
				CLANG_WARN_CONSTANT_CONVERSION = YES;
				CLANG_WARN_DEPRECATED_OBJC_IMPLEMENTATIONS = YES;
				CLANG_WARN_DIRECT_OBJC_ISA_USAGE = YES_ERROR;
				CLANG_WARN_DOCUMENTATION_COMMENTS = YES;
				CLANG_WARN_EMPTY_BODY = YES;
				CLANG_WARN_ENUM_CONVERSION = YES;
				CLANG_WARN_INFINITE_RECURSION = YES;
				CLANG_WARN_INT_CONVERSION = YES;
				CLANG_WARN_NON_LITERAL_NULL_CONVERSION = YES;
				CLANG_WARN_OBJC_IMPLICIT_RETAIN_SELF = YES;
				CLANG_WARN_OBJC_LITERAL_CONVERSION = YES;
				CLANG_WARN_OBJC_ROOT_CLASS = YES_ERROR;
				CLANG_WARN_QUOTED_INCLUDE_IN_FRAMEWORK_HEADER = YES;
				CLANG_WARN_RANGE_LOOP_ANALYSIS = YES;
				CLANG_WARN_STRICT_PROTOTYPES = YES;
				CLANG_WARN_SUSPICIOUS_MOVE = YES;
				CLANG_WARN_UNGUARDED_AVAILABILITY = YES_AGGRESSIVE;
				CLANG_WARN_UNREACHABLE_CODE = YES;
				CLANG_WARN__DUPLICATE_METHOD_MATCH = YES;
				COPY_PHASE_STRIP = NO;
				DEBUG_INFORMATION_FORMAT = "dwarf-with-dsym";
				ENABLE_NS_ASSERTIONS = NO;
				ENABLE_STRICT_OBJC_MSGSEND = YES;
				GCC_C_LANGUAGE_STANDARD = gnu11;
				GCC_NO_COMMON_BLOCKS = YES;
				GCC_WARN_64_TO_32_BIT_CONVERSION = YES;
				GCC_WARN_ABOUT_RETURN_TYPE = YES_ERROR;
				GCC_WARN_UNDECLARED_SELECTOR = YES;
				GCC_WARN_UNINITIALIZED_AUTOS = YES_AGGRESSIVE;
				GCC_WARN_UNUSED_FUNCTION = YES;
				GCC_WARN_UNUSED_VARIABLE = YES;
				MTL_ENABLE_DEBUG_INFO = NO;
				MTL_FAST_MATH = YES;
				SWIFT_COMPILATION_MODE = wholemodule;
				SWIFT_OPTIMIZATION_LEVEL = "-O";
			};
			name = Release;
		};
		4CDCFF842A55283E00A8EC75 /* Debug */ = {
			isa = XCBuildConfiguration;
			buildSettings = {
				ASSETCATALOG_COMPILER_APPICON_NAME = AppIcon;
				ASSETCATALOG_COMPILER_GLOBAL_ACCENT_COLOR_NAME = AccentColor;
				CODE_SIGN_ENTITLEMENTS = pokedex_ios/pokedex_ios.entitlements;
				CODE_SIGN_STYLE = Automatic;
				CURRENT_PROJECT_VERSION = 1;
				DEVELOPMENT_ASSET_PATHS = "\"pokedex_ios/Preview Content\"";
				ENABLE_PREVIEWS = YES;
				GENERATE_INFOPLIST_FILE = YES;
				"INFOPLIST_KEY_UIApplicationSceneManifest_Generation[sdk=iphoneos*]" = YES;
				"INFOPLIST_KEY_UIApplicationSceneManifest_Generation[sdk=iphonesimulator*]" = YES;
				"INFOPLIST_KEY_UIApplicationSupportsIndirectInputEvents[sdk=iphoneos*]" = YES;
				"INFOPLIST_KEY_UIApplicationSupportsIndirectInputEvents[sdk=iphonesimulator*]" = YES;
				"INFOPLIST_KEY_UILaunchScreen_Generation[sdk=iphoneos*]" = YES;
				"INFOPLIST_KEY_UILaunchScreen_Generation[sdk=iphonesimulator*]" = YES;
				"INFOPLIST_KEY_UIStatusBarStyle[sdk=iphoneos*]" = UIStatusBarStyleDefault;
				"INFOPLIST_KEY_UIStatusBarStyle[sdk=iphonesimulator*]" = UIStatusBarStyleDefault;
				INFOPLIST_KEY_UISupportedInterfaceOrientations_iPad = "UIInterfaceOrientationPortrait UIInterfaceOrientationPortraitUpsideDown UIInterfaceOrientationLandscapeLeft UIInterfaceOrientationLandscapeRight";
				INFOPLIST_KEY_UISupportedInterfaceOrientations_iPhone = "UIInterfaceOrientationPortrait UIInterfaceOrientationLandscapeLeft UIInterfaceOrientationLandscapeRight";
				IPHONEOS_DEPLOYMENT_TARGET = 16.4;
				LD_RUNPATH_SEARCH_PATHS = "@executable_path/Frameworks";
				"LD_RUNPATH_SEARCH_PATHS[sdk=macosx*]" = "@executable_path/../Frameworks";
				MACOSX_DEPLOYMENT_TARGET = 13.3;
				MARKETING_VERSION = 1.0;
				PRODUCT_BUNDLE_IDENTIFIER = "asakim.pokedex-ios";
				PRODUCT_NAME = "$(TARGET_NAME)";
				SDKROOT = auto;
				SUPPORTED_PLATFORMS = "iphoneos iphonesimulator macosx";
				SWIFT_EMIT_LOC_STRINGS = YES;
				SWIFT_VERSION = 5.0;
				TARGETED_DEVICE_FAMILY = "1,2";
			};
			name = Debug;
		};
		4CDCFF852A55283E00A8EC75 /* Release */ = {
			isa = XCBuildConfiguration;
			buildSettings = {
				ASSETCATALOG_COMPILER_APPICON_NAME = AppIcon;
				ASSETCATALOG_COMPILER_GLOBAL_ACCENT_COLOR_NAME = AccentColor;
				CODE_SIGN_ENTITLEMENTS = pokedex_ios/pokedex_ios.entitlements;
				CODE_SIGN_STYLE = Automatic;
				CURRENT_PROJECT_VERSION = 1;
				DEVELOPMENT_ASSET_PATHS = "\"pokedex_ios/Preview Content\"";
				ENABLE_PREVIEWS = YES;
				GENERATE_INFOPLIST_FILE = YES;
				"INFOPLIST_KEY_UIApplicationSceneManifest_Generation[sdk=iphoneos*]" = YES;
				"INFOPLIST_KEY_UIApplicationSceneManifest_Generation[sdk=iphonesimulator*]" = YES;
				"INFOPLIST_KEY_UIApplicationSupportsIndirectInputEvents[sdk=iphoneos*]" = YES;
				"INFOPLIST_KEY_UIApplicationSupportsIndirectInputEvents[sdk=iphonesimulator*]" = YES;
				"INFOPLIST_KEY_UILaunchScreen_Generation[sdk=iphoneos*]" = YES;
				"INFOPLIST_KEY_UILaunchScreen_Generation[sdk=iphonesimulator*]" = YES;
				"INFOPLIST_KEY_UIStatusBarStyle[sdk=iphoneos*]" = UIStatusBarStyleDefault;
				"INFOPLIST_KEY_UIStatusBarStyle[sdk=iphonesimulator*]" = UIStatusBarStyleDefault;
				INFOPLIST_KEY_UISupportedInterfaceOrientations_iPad = "UIInterfaceOrientationPortrait UIInterfaceOrientationPortraitUpsideDown UIInterfaceOrientationLandscapeLeft UIInterfaceOrientationLandscapeRight";
				INFOPLIST_KEY_UISupportedInterfaceOrientations_iPhone = "UIInterfaceOrientationPortrait UIInterfaceOrientationLandscapeLeft UIInterfaceOrientationLandscapeRight";
				IPHONEOS_DEPLOYMENT_TARGET = 16.4;
				LD_RUNPATH_SEARCH_PATHS = "@executable_path/Frameworks";
				"LD_RUNPATH_SEARCH_PATHS[sdk=macosx*]" = "@executable_path/../Frameworks";
				MACOSX_DEPLOYMENT_TARGET = 13.3;
				MARKETING_VERSION = 1.0;
				PRODUCT_BUNDLE_IDENTIFIER = "asakim.pokedex-ios";
				PRODUCT_NAME = "$(TARGET_NAME)";
				SDKROOT = auto;
				SUPPORTED_PLATFORMS = "iphoneos iphonesimulator macosx";
				SWIFT_EMIT_LOC_STRINGS = YES;
				SWIFT_VERSION = 5.0;
				TARGETED_DEVICE_FAMILY = "1,2";
			};
			name = Release;
		};
		4CDCFF872A55283E00A8EC75 /* Debug */ = {
			isa = XCBuildConfiguration;
			buildSettings = {
				ALWAYS_EMBED_SWIFT_STANDARD_LIBRARIES = YES;
				BUNDLE_LOADER = "$(TEST_HOST)";
				CODE_SIGN_STYLE = Automatic;
				CURRENT_PROJECT_VERSION = 1;
				GENERATE_INFOPLIST_FILE = YES;
				IPHONEOS_DEPLOYMENT_TARGET = 16.4;
				MACOSX_DEPLOYMENT_TARGET = 13.3;
				MARKETING_VERSION = 1.0;
				PRODUCT_BUNDLE_IDENTIFIER = "asakim.pokedex-iosTests";
				PRODUCT_NAME = "$(TARGET_NAME)";
				SDKROOT = auto;
				SUPPORTED_PLATFORMS = "iphoneos iphonesimulator macosx";
				SWIFT_EMIT_LOC_STRINGS = NO;
				SWIFT_VERSION = 5.0;
				TARGETED_DEVICE_FAMILY = "1,2";
				TEST_HOST = "$(BUILT_PRODUCTS_DIR)/pokedex_ios.app/$(BUNDLE_EXECUTABLE_FOLDER_PATH)/pokedex_ios";
			};
			name = Debug;
		};
		4CDCFF882A55283E00A8EC75 /* Release */ = {
			isa = XCBuildConfiguration;
			buildSettings = {
				ALWAYS_EMBED_SWIFT_STANDARD_LIBRARIES = YES;
				BUNDLE_LOADER = "$(TEST_HOST)";
				CODE_SIGN_STYLE = Automatic;
				CURRENT_PROJECT_VERSION = 1;
				GENERATE_INFOPLIST_FILE = YES;
				IPHONEOS_DEPLOYMENT_TARGET = 16.4;
				MACOSX_DEPLOYMENT_TARGET = 13.3;
				MARKETING_VERSION = 1.0;
				PRODUCT_BUNDLE_IDENTIFIER = "asakim.pokedex-iosTests";
				PRODUCT_NAME = "$(TARGET_NAME)";
				SDKROOT = auto;
				SUPPORTED_PLATFORMS = "iphoneos iphonesimulator macosx";
				SWIFT_EMIT_LOC_STRINGS = NO;
				SWIFT_VERSION = 5.0;
				TARGETED_DEVICE_FAMILY = "1,2";
				TEST_HOST = "$(BUILT_PRODUCTS_DIR)/pokedex_ios.app/$(BUNDLE_EXECUTABLE_FOLDER_PATH)/pokedex_ios";
			};
			name = Release;
		};
		4CDCFF8A2A55283E00A8EC75 /* Debug */ = {
			isa = XCBuildConfiguration;
			buildSettings = {
				ALWAYS_EMBED_SWIFT_STANDARD_LIBRARIES = YES;
				CODE_SIGN_STYLE = Automatic;
				CURRENT_PROJECT_VERSION = 1;
				GENERATE_INFOPLIST_FILE = YES;
				IPHONEOS_DEPLOYMENT_TARGET = 16.4;
				MACOSX_DEPLOYMENT_TARGET = 13.3;
				MARKETING_VERSION = 1.0;
				PRODUCT_BUNDLE_IDENTIFIER = "asakim.pokedex-iosUITests";
				PRODUCT_NAME = "$(TARGET_NAME)";
				SDKROOT = auto;
				SUPPORTED_PLATFORMS = "iphoneos iphonesimulator macosx";
				SWIFT_EMIT_LOC_STRINGS = NO;
				SWIFT_VERSION = 5.0;
				TARGETED_DEVICE_FAMILY = "1,2";
				TEST_TARGET_NAME = pokedex_ios;
			};
			name = Debug;
		};
		4CDCFF8B2A55283E00A8EC75 /* Release */ = {
			isa = XCBuildConfiguration;
			buildSettings = {
				ALWAYS_EMBED_SWIFT_STANDARD_LIBRARIES = YES;
				CODE_SIGN_STYLE = Automatic;
				CURRENT_PROJECT_VERSION = 1;
				GENERATE_INFOPLIST_FILE = YES;
				IPHONEOS_DEPLOYMENT_TARGET = 16.4;
				MACOSX_DEPLOYMENT_TARGET = 13.3;
				MARKETING_VERSION = 1.0;
				PRODUCT_BUNDLE_IDENTIFIER = "asakim.pokedex-iosUITests";
				PRODUCT_NAME = "$(TARGET_NAME)";
				SDKROOT = auto;
				SUPPORTED_PLATFORMS = "iphoneos iphonesimulator macosx";
				SWIFT_EMIT_LOC_STRINGS = NO;
				SWIFT_VERSION = 5.0;
				TARGETED_DEVICE_FAMILY = "1,2";
				TEST_TARGET_NAME = pokedex_ios;
			};
			name = Release;
		};
/* End XCBuildConfiguration section */

/* Begin XCConfigurationList section */
		4CDCFF592A55283D00A8EC75 /* Build configuration list for PBXProject "pokedex_ios" */ = {
			isa = XCConfigurationList;
			buildConfigurations = (
				4CDCFF812A55283E00A8EC75 /* Debug */,
				4CDCFF822A55283E00A8EC75 /* Release */,
			);
			defaultConfigurationIsVisible = 0;
			defaultConfigurationName = Release;
		};
		4CDCFF832A55283E00A8EC75 /* Build configuration list for PBXNativeTarget "pokedex_ios" */ = {
			isa = XCConfigurationList;
			buildConfigurations = (
				4CDCFF842A55283E00A8EC75 /* Debug */,
				4CDCFF852A55283E00A8EC75 /* Release */,
			);
			defaultConfigurationIsVisible = 0;
			defaultConfigurationName = Release;
		};
		4CDCFF862A55283E00A8EC75 /* Build configuration list for PBXNativeTarget "pokedex_iosTests" */ = {
			isa = XCConfigurationList;
			buildConfigurations = (
				4CDCFF872A55283E00A8EC75 /* Debug */,
				4CDCFF882A55283E00A8EC75 /* Release */,
			);
			defaultConfigurationIsVisible = 0;
			defaultConfigurationName = Release;
		};
		4CDCFF892A55283E00A8EC75 /* Build configuration list for PBXNativeTarget "pokedex_iosUITests" */ = {
			isa = XCConfigurationList;
			buildConfigurations = (
				4CDCFF8A2A55283E00A8EC75 /* Debug */,
				4CDCFF8B2A55283E00A8EC75 /* Release */,
			);
			defaultConfigurationIsVisible = 0;
			defaultConfigurationName = Release;
		};
/* End XCConfigurationList section */
	};
	rootObject = 4CDCFF562A55283D00A8EC75 /* Project object */;
}
